
Microsoft Visual Studio Solution File, Format Version 12.00
# Visual Studio Version 17
VisualStudioVersion = 17.0.31903.59
MinimumVisualStudioVersion = 10.0.40219.1
Project("{2150E333-8FDC-42A3-9474-1A3956D46DE8}") = "src", "src", "{827E0CD3-B72D-47B6-A68D-7590B98EB39B}"
EndProject
Project("{FAE04EC0-301F-11D3-BF4B-00C04F79EFBC}") = "HnHMapperServer.Core", "src\HnHMapperServer.Core\HnHMapperServer.Core.csproj", "{8FD80F9D-40AC-4E0A-91BF-C40AC4B81C69}"
EndProject
Project("{FAE04EC0-301F-11D3-BF4B-00C04F79EFBC}") = "HnHMapperServer.Infrastructure", "src\HnHMapperServer.Infrastructure\HnHMapperServer.Infrastructure.csproj", "{2EEACF2F-24B2-4140-A592-CCA672A40E5A}"
EndProject
Project("{FAE04EC0-301F-11D3-BF4B-00C04F79EFBC}") = "HnHMapperServer.Services", "src\HnHMapperServer.Services\HnHMapperServer.Services.csproj", "{FAC1B1AC-E56D-45D9-A4D9-E14C7B8299AE}"
EndProject
Project("{FAE04EC0-301F-11D3-BF4B-00C04F79EFBC}") = "HnHMapperServer.Api", "src\HnHMapperServer.Api\HnHMapperServer.Api.csproj", "{E341DF42-A0BF-4528-8116-86FD9750D62A}"
EndProject
Project("{FAE04EC0-301F-11D3-BF4B-00C04F79EFBC}") = "HnHMapperServer.Web", "src\HnHMapperServer.Web\HnHMapperServer.Web.csproj", "{3DD8E232-1E7C-44C4-882B-80A2321619E2}"
EndProject
Project("{FAE04EC0-301F-11D3-BF4B-00C04F79EFBC}") = "HnHMapperServer.AppHost", "src\HnHMapperServer.AppHost\HnHMapperServer.AppHost.csproj", "{8AE652CE-35BE-4A0A-B03D-CC6A51EFEFE7}"
EndProject
Project("{FAE04EC0-301F-11D3-BF4B-00C04F79EFBC}") = "HnHMapperServer.ServiceDefaults", "src\HnHMapperServer.ServiceDefaults\HnHMapperServer.ServiceDefaults.csproj", "{D6809802-F560-4177-AFE0-50A6F0C50511}"
EndProject
Project("{2150E333-8FDC-42A3-9474-1A3956D46DE8}") = "tests", "tests", "{0AB3BF05-4346-4AA6-1389-037BE0695223}"
EndProject
Project("{FAE04EC0-301F-11D3-BF4B-00C04F79EFBC}") = "HnHMapperServer.Tests", "tests\HnHMapperServer.Tests\HnHMapperServer.Tests.csproj", "{C39EE60A-C628-4242-A457-BEE58025E674}"
EndProject
Global
	GlobalSection(SolutionConfigurationPlatforms) = preSolution
		Debug|Any CPU = Debug|Any CPU
		Debug|x64 = Debug|x64
		Debug|x86 = Debug|x86
		Release|Any CPU = Release|Any CPU
		Release|x64 = Release|x64
		Release|x86 = Release|x86
	EndGlobalSection
	GlobalSection(ProjectConfigurationPlatforms) = postSolution
		{8FD80F9D-40AC-4E0A-91BF-C40AC4B81C69}.Debug|Any CPU.ActiveCfg = Debug|Any CPU
		{8FD80F9D-40AC-4E0A-91BF-C40AC4B81C69}.Debug|Any CPU.Build.0 = Debug|Any CPU
		{8FD80F9D-40AC-4E0A-91BF-C40AC4B81C69}.Debug|x64.ActiveCfg = Debug|Any CPU
		{8FD80F9D-40AC-4E0A-91BF-C40AC4B81C69}.Debug|x64.Build.0 = Debug|Any CPU
		{8FD80F9D-40AC-4E0A-91BF-C40AC4B81C69}.Debug|x86.ActiveCfg = Debug|Any CPU
		{8FD80F9D-40AC-4E0A-91BF-C40AC4B81C69}.Debug|x86.Build.0 = Debug|Any CPU
		{8FD80F9D-40AC-4E0A-91BF-C40AC4B81C69}.Release|Any CPU.ActiveCfg = Release|Any CPU
		{8FD80F9D-40AC-4E0A-91BF-C40AC4B81C69}.Release|Any CPU.Build.0 = Release|Any CPU
		{8FD80F9D-40AC-4E0A-91BF-C40AC4B81C69}.Release|x64.ActiveCfg = Release|Any CPU
		{8FD80F9D-40AC-4E0A-91BF-C40AC4B81C69}.Release|x64.Build.0 = Release|Any CPU
		{8FD80F9D-40AC-4E0A-91BF-C40AC4B81C69}.Release|x86.ActiveCfg = Release|Any CPU
		{8FD80F9D-40AC-4E0A-91BF-C40AC4B81C69}.Release|x86.Build.0 = Release|Any CPU
		{2EEACF2F-24B2-4140-A592-CCA672A40E5A}.Debug|Any CPU.ActiveCfg = Debug|Any CPU
		{2EEACF2F-24B2-4140-A592-CCA672A40E5A}.Debug|Any CPU.Build.0 = Debug|Any CPU
		{2EEACF2F-24B2-4140-A592-CCA672A40E5A}.Debug|x64.ActiveCfg = Debug|Any CPU
		{2EEACF2F-24B2-4140-A592-CCA672A40E5A}.Debug|x64.Build.0 = Debug|Any CPU
		{2EEACF2F-24B2-4140-A592-CCA672A40E5A}.Debug|x86.ActiveCfg = Debug|Any CPU
		{2EEACF2F-24B2-4140-A592-CCA672A40E5A}.Debug|x86.Build.0 = Debug|Any CPU
		{2EEACF2F-24B2-4140-A592-CCA672A40E5A}.Release|Any CPU.ActiveCfg = Release|Any CPU
		{2EEACF2F-24B2-4140-A592-CCA672A40E5A}.Release|Any CPU.Build.0 = Release|Any CPU
		{2EEACF2F-24B2-4140-A592-CCA672A40E5A}.Release|x64.ActiveCfg = Release|Any CPU
		{2EEACF2F-24B2-4140-A592-CCA672A40E5A}.Release|x64.Build.0 = Release|Any CPU
		{2EEACF2F-24B2-4140-A592-CCA672A40E5A}.Release|x86.ActiveCfg = Release|Any CPU
		{2EEACF2F-24B2-4140-A592-CCA672A40E5A}.Release|x86.Build.0 = Release|Any CPU
		{FAC1B1AC-E56D-45D9-A4D9-E14C7B8299AE}.Debug|Any CPU.ActiveCfg = Debug|Any CPU
		{FAC1B1AC-E56D-45D9-A4D9-E14C7B8299AE}.Debug|Any CPU.Build.0 = Debug|Any CPU
		{FAC1B1AC-E56D-45D9-A4D9-E14C7B8299AE}.Debug|x64.ActiveCfg = Debug|Any CPU
		{FAC1B1AC-E56D-45D9-A4D9-E14C7B8299AE}.Debug|x64.Build.0 = Debug|Any CPU
		{FAC1B1AC-E56D-45D9-A4D9-E14C7B8299AE}.Debug|x86.ActiveCfg = Debug|Any CPU
		{FAC1B1AC-E56D-45D9-A4D9-E14C7B8299AE}.Debug|x86.Build.0 = Debug|Any CPU
		{FAC1B1AC-E56D-45D9-A4D9-E14C7B8299AE}.Release|Any CPU.ActiveCfg = Release|Any CPU
		{FAC1B1AC-E56D-45D9-A4D9-E14C7B8299AE}.Release|Any CPU.Build.0 = Release|Any CPU
		{FAC1B1AC-E56D-45D9-A4D9-E14C7B8299AE}.Release|x64.ActiveCfg = Release|Any CPU
		{FAC1B1AC-E56D-45D9-A4D9-E14C7B8299AE}.Release|x64.Build.0 = Release|Any CPU
		{FAC1B1AC-E56D-45D9-A4D9-E14C7B8299AE}.Release|x86.ActiveCfg = Release|Any CPU
		{FAC1B1AC-E56D-45D9-A4D9-E14C7B8299AE}.Release|x86.Build.0 = Release|Any CPU
		{E341DF42-A0BF-4528-8116-86FD9750D62A}.Debug|Any CPU.ActiveCfg = Debug|Any CPU
		{E341DF42-A0BF-4528-8116-86FD9750D62A}.Debug|Any CPU.Build.0 = Debug|Any CPU
		{E341DF42-A0BF-4528-8116-86FD9750D62A}.Debug|x64.ActiveCfg = Debug|Any CPU
		{E341DF42-A0BF-4528-8116-86FD9750D62A}.Debug|x64.Build.0 = Debug|Any CPU
		{E341DF42-A0BF-4528-8116-86FD9750D62A}.Debug|x86.ActiveCfg = Debug|Any CPU
		{E341DF42-A0BF-4528-8116-86FD9750D62A}.Debug|x86.Build.0 = Debug|Any CPU
		{E341DF42-A0BF-4528-8116-86FD9750D62A}.Release|Any CPU.ActiveCfg = Release|Any CPU
		{E341DF42-A0BF-4528-8116-86FD9750D62A}.Release|Any CPU.Build.0 = Release|Any CPU
		{E341DF42-A0BF-4528-8116-86FD9750D62A}.Release|x64.ActiveCfg = Release|Any CPU
		{E341DF42-A0BF-4528-8116-86FD9750D62A}.Release|x64.Build.0 = Release|Any CPU
		{E341DF42-A0BF-4528-8116-86FD9750D62A}.Release|x86.ActiveCfg = Release|Any CPU
		{E341DF42-A0BF-4528-8116-86FD9750D62A}.Release|x86.Build.0 = Release|Any CPU
		{3DD8E232-1E7C-44C4-882B-80A2321619E2}.Debug|Any CPU.ActiveCfg = Debug|Any CPU
		{3DD8E232-1E7C-44C4-882B-80A2321619E2}.Debug|Any CPU.Build.0 = Debug|Any CPU
		{3DD8E232-1E7C-44C4-882B-80A2321619E2}.Debug|x64.ActiveCfg = Debug|Any CPU
		{3DD8E232-1E7C-44C4-882B-80A2321619E2}.Debug|x64.Build.0 = Debug|Any CPU
		{3DD8E232-1E7C-44C4-882B-80A2321619E2}.Debug|x86.ActiveCfg = Debug|Any CPU
		{3DD8E232-1E7C-44C4-882B-80A2321619E2}.Debug|x86.Build.0 = Debug|Any CPU
		{3DD8E232-1E7C-44C4-882B-80A2321619E2}.Release|Any CPU.ActiveCfg = Release|Any CPU
		{3DD8E232-1E7C-44C4-882B-80A2321619E2}.Release|Any CPU.Build.0 = Release|Any CPU
		{3DD8E232-1E7C-44C4-882B-80A2321619E2}.Release|x64.ActiveCfg = Release|Any CPU
		{3DD8E232-1E7C-44C4-882B-80A2321619E2}.Release|x64.Build.0 = Release|Any CPU
		{3DD8E232-1E7C-44C4-882B-80A2321619E2}.Release|x86.ActiveCfg = Release|Any CPU
		{3DD8E232-1E7C-44C4-882B-80A2321619E2}.Release|x86.Build.0 = Release|Any CPU
		{8AE652CE-35BE-4A0A-B03D-CC6A51EFEFE7}.Debug|Any CPU.ActiveCfg = Debug|Any CPU
		{8AE652CE-35BE-4A0A-B03D-CC6A51EFEFE7}.Debug|Any CPU.Build.0 = Debug|Any CPU
		{8AE652CE-35BE-4A0A-B03D-CC6A51EFEFE7}.Debug|x64.ActiveCfg = Debug|Any CPU
		{8AE652CE-35BE-4A0A-B03D-CC6A51EFEFE7}.Debug|x64.Build.0 = Debug|Any CPU
		{8AE652CE-35BE-4A0A-B03D-CC6A51EFEFE7}.Debug|x86.ActiveCfg = Debug|Any CPU
		{8AE652CE-35BE-4A0A-B03D-CC6A51EFEFE7}.Debug|x86.Build.0 = Debug|Any CPU
		{8AE652CE-35BE-4A0A-B03D-CC6A51EFEFE7}.Release|Any CPU.ActiveCfg = Release|Any CPU
		{8AE652CE-35BE-4A0A-B03D-CC6A51EFEFE7}.Release|Any CPU.Build.0 = Release|Any CPU
		{8AE652CE-35BE-4A0A-B03D-CC6A51EFEFE7}.Release|x64.ActiveCfg = Release|Any CPU
		{8AE652CE-35BE-4A0A-B03D-CC6A51EFEFE7}.Release|x64.Build.0 = Release|Any CPU
		{8AE652CE-35BE-4A0A-B03D-CC6A51EFEFE7}.Release|x86.ActiveCfg = Release|Any CPU
		{8AE652CE-35BE-4A0A-B03D-CC6A51EFEFE7}.Release|x86.Build.0 = Release|Any CPU
		{D6809802-F560-4177-AFE0-50A6F0C50511}.Debug|Any CPU.ActiveCfg = Debug|Any CPU
		{D6809802-F560-4177-AFE0-50A6F0C50511}.Debug|Any CPU.Build.0 = Debug|Any CPU
		{D6809802-F560-4177-AFE0-50A6F0C50511}.Debug|x64.ActiveCfg = Debug|Any CPU
		{D6809802-F560-4177-AFE0-50A6F0C50511}.Debug|x64.Build.0 = Debug|Any CPU
		{D6809802-F560-4177-AFE0-50A6F0C50511}.Debug|x86.ActiveCfg = Debug|Any CPU
		{D6809802-F560-4177-AFE0-50A6F0C50511}.Debug|x86.Build.0 = Debug|Any CPU
		{D6809802-F560-4177-AFE0-50A6F0C50511}.Release|Any CPU.ActiveCfg = Release|Any CPU
		{D6809802-F560-4177-AFE0-50A6F0C50511}.Release|Any CPU.Build.0 = Release|Any CPU
		{D6809802-F560-4177-AFE0-50A6F0C50511}.Release|x64.ActiveCfg = Release|Any CPU
		{D6809802-F560-4177-AFE0-50A6F0C50511}.Release|x64.Build.0 = Release|Any CPU
		{D6809802-F560-4177-AFE0-50A6F0C50511}.Release|x86.ActiveCfg = Release|Any CPU
		{D6809802-F560-4177-AFE0-50A6F0C50511}.Release|x86.Build.0 = Release|Any CPU
		{C39EE60A-C628-4242-A457-BEE58025E674}.Debug|Any CPU.ActiveCfg = Debug|Any CPU
		{C39EE60A-C628-4242-A457-BEE58025E674}.Debug|Any CPU.Build.0 = Debug|Any CPU
		{C39EE60A-C628-4242-A457-BEE58025E674}.Debug|x64.ActiveCfg = Debug|Any CPU
		{C39EE60A-C628-4242-A457-BEE58025E674}.Debug|x64.Build.0 = Debug|Any CPU
		{C39EE60A-C628-4242-A457-BEE58025E674}.Debug|x86.ActiveCfg = Debug|Any CPU
		{C39EE60A-C628-4242-A457-BEE58025E674}.Debug|x86.Build.0 = Debug|Any CPU
		{C39EE60A-C628-4242-A457-BEE58025E674}.Release|Any CPU.ActiveCfg = Release|Any CPU
		{C39EE60A-C628-4242-A457-BEE58025E674}.Release|Any CPU.Build.0 = Release|Any CPU
		{C39EE60A-C628-4242-A457-BEE58025E674}.Release|x64.ActiveCfg = Release|Any CPU
		{C39EE60A-C628-4242-A457-BEE58025E674}.Release|x64.Build.0 = Release|Any CPU
		{C39EE60A-C628-4242-A457-BEE58025E674}.Release|x86.ActiveCfg = Release|Any CPU
		{C39EE60A-C628-4242-A457-BEE58025E674}.Release|x86.Build.0 = Release|Any CPU
	EndGlobalSection
	GlobalSection(SolutionProperties) = preSolution
		HideSolutionNode = FALSE
	EndGlobalSection
	GlobalSection(NestedProjects) = preSolution
		{8FD80F9D-40AC-4E0A-91BF-C40AC4B81C69} = {827E0CD3-B72D-47B6-A68D-7590B98EB39B}
		{2EEACF2F-24B2-4140-A592-CCA672A40E5A} = {827E0CD3-B72D-47B6-A68D-7590B98EB39B}
		{FAC1B1AC-E56D-45D9-A4D9-E14C7B8299AE} = {827E0CD3-B72D-47B6-A68D-7590B98EB39B}
		{E341DF42-A0BF-4528-8116-86FD9750D62A} = {827E0CD3-B72D-47B6-A68D-7590B98EB39B}
		{3DD8E232-1E7C-44C4-882B-80A2321619E2} = {827E0CD3-B72D-47B6-A68D-7590B98EB39B}
		{8AE652CE-35BE-4A0A-B03D-CC6A51EFEFE7} = {827E0CD3-B72D-47B6-A68D-7590B98EB39B}
		{D6809802-F560-4177-AFE0-50A6F0C50511} = {827E0CD3-B72D-47B6-A68D-7590B98EB39B}
		{C39EE60A-C628-4242-A457-BEE58025E674} = {0AB3BF05-4346-4AA6-1389-037BE0695223}
	EndGlobalSection
EndGlobal
